// !$*UTF8*$!
{
	archiveVersion = 1;
	classes = {
	};
	objectVersion = 46;
	objects = {

/* Begin PBXBuildFile section */
		0AEC69DB68D22FCE37B210EA /* Pods_sViz.framework in Frameworks */ = {isa = PBXBuildFile; fileRef = 3502CC98FBE171B6318F9CB6 /* Pods_sViz.framework */; };
		D517909B1F44700700850CAB /* AppDelegate.swift in Sources */ = {isa = PBXBuildFile; fileRef = D517909A1F44700700850CAB /* AppDelegate.swift */; };
		D517909D1F44700700850CAB /* ViewController.swift in Sources */ = {isa = PBXBuildFile; fileRef = D517909C1F44700700850CAB /* ViewController.swift */; };
		D517909F1F44700700850CAB /* Assets.xcassets in Resources */ = {isa = PBXBuildFile; fileRef = D517909E1F44700700850CAB /* Assets.xcassets */; };
		D51790A21F44700700850CAB /* Main.storyboard in Resources */ = {isa = PBXBuildFile; fileRef = D51790A01F44700700850CAB /* Main.storyboard */; };
		D51790CB1F45B4A100850CAB /* EventMonitor.swift in Sources */ = {isa = PBXBuildFile; fileRef = D51790CA1F45B4A100850CAB /* EventMonitor.swift */; };
/* End PBXBuildFile section */

/* Begin PBXFileReference section */
		2BCE39C5C56260E436255358 /* Pods-sViz.debug.xcconfig */ = {isa = PBXFileReference; includeInIndex = 1; lastKnownFileType = text.xcconfig; name = "Pods-sViz.debug.xcconfig"; path = "Pods/Target Support Files/Pods-sViz/Pods-sViz.debug.xcconfig"; sourceTree = "<group>"; };
		3502CC98FBE171B6318F9CB6 /* Pods_sViz.framework */ = {isa = PBXFileReference; explicitFileType = wrapper.framework; includeInIndex = 0; path = Pods_sViz.framework; sourceTree = BUILT_PRODUCTS_DIR; };
		42299E6E43449523CF85B21E /* Pods-sViz.release.xcconfig */ = {isa = PBXFileReference; includeInIndex = 1; lastKnownFileType = text.xcconfig; name = "Pods-sViz.release.xcconfig"; path = "Pods/Target Support Files/Pods-sViz/Pods-sViz.release.xcconfig"; sourceTree = "<group>"; };
		D51790971F44700700850CAB /* sViz.app */ = {isa = PBXFileReference; explicitFileType = wrapper.application; includeInIndex = 0; path = sViz.app; sourceTree = BUILT_PRODUCTS_DIR; };
		D517909A1F44700700850CAB /* AppDelegate.swift */ = {isa = PBXFileReference; lastKnownFileType = sourcecode.swift; path = AppDelegate.swift; sourceTree = "<group>"; };
		D517909C1F44700700850CAB /* ViewController.swift */ = {isa = PBXFileReference; lastKnownFileType = sourcecode.swift; path = ViewController.swift; sourceTree = "<group>"; };
		D517909E1F44700700850CAB /* Assets.xcassets */ = {isa = PBXFileReference; lastKnownFileType = folder.assetcatalog; path = Assets.xcassets; sourceTree = "<group>"; };
		D51790A11F44700700850CAB /* Base */ = {isa = PBXFileReference; lastKnownFileType = file.storyboard; name = Base; path = Base.lproj/Main.storyboard; sourceTree = "<group>"; };
		D51790A31F44700700850CAB /* Info.plist */ = {isa = PBXFileReference; lastKnownFileType = text.plist.xml; path = Info.plist; sourceTree = "<group>"; };
		D51790CA1F45B4A100850CAB /* EventMonitor.swift */ = {isa = PBXFileReference; fileEncoding = 4; lastKnownFileType = sourcecode.swift; path = EventMonitor.swift; sourceTree = "<group>"; };
/* End PBXFileReference section */

/* Begin PBXFrameworksBuildPhase section */
		D51790941F44700700850CAB /* Frameworks */ = {
			isa = PBXFrameworksBuildPhase;
			buildActionMask = 2147483647;
			files = (
				0AEC69DB68D22FCE37B210EA /* Pods_sViz.framework in Frameworks */,
			);
			runOnlyForDeploymentPostprocessing = 0;
		};
/* End PBXFrameworksBuildPhase section */

/* Begin PBXGroup section */
		A4F13E7412AC3DF27F690C19 /* Pods */ = {
			isa = PBXGroup;
			children = (
				2BCE39C5C56260E436255358 /* Pods-sViz.debug.xcconfig */,
				42299E6E43449523CF85B21E /* Pods-sViz.release.xcconfig */,
			);
			name = Pods;
			sourceTree = "<group>";
		};
		D517908E1F44700700850CAB = {
			isa = PBXGroup;
			children = (
				D51790991F44700700850CAB /* sViz */,
				D51790981F44700700850CAB /* Products */,
				A4F13E7412AC3DF27F690C19 /* Pods */,
				E5856FC7CB35613266B60F65 /* Frameworks */,
			);
			sourceTree = "<group>";
		};
		D51790981F44700700850CAB /* Products */ = {
			isa = PBXGroup;
			children = (
				D51790971F44700700850CAB /* sViz.app */,
			);
			name = Products;
			sourceTree = "<group>";
		};
		D51790991F44700700850CAB /* sViz */ = {
			isa = PBXGroup;
			children = (
				D517909A1F44700700850CAB /* AppDelegate.swift */,
				D517909C1F44700700850CAB /* ViewController.swift */,
				D517909E1F44700700850CAB /* Assets.xcassets */,
				D51790A01F44700700850CAB /* Main.storyboard */,
				D51790A31F44700700850CAB /* Info.plist */,
				D51790CA1F45B4A100850CAB /* EventMonitor.swift */,
			);
			path = sViz;
			sourceTree = "<group>";
		};
		E5856FC7CB35613266B60F65 /* Frameworks */ = {
			isa = PBXGroup;
			children = (
				3502CC98FBE171B6318F9CB6 /* Pods_sViz.framework */,
			);
			name = Frameworks;
			sourceTree = "<group>";
		};
/* End PBXGroup section */

/* Begin PBXNativeTarget section */
		D51790961F44700700850CAB /* sViz */ = {
			isa = PBXNativeTarget;
			buildConfigurationList = D51790A61F44700700850CAB /* Build configuration list for PBXNativeTarget "sViz" */;
			buildPhases = (
				FD1AC970E06DDCC579D70A45 /* [CP] Check Pods Manifest.lock */,
				D51790931F44700700850CAB /* Sources */,
				D51790941F44700700850CAB /* Frameworks */,
				D51790951F44700700850CAB /* Resources */,
				99E0BA3C2CA16876C6A2848C /* [CP] Embed Pods Frameworks */,
				7B67919677A2CEE2D0009284 /* [CP] Copy Pods Resources */,
			);
			buildRules = (
			);
			dependencies = (
			);
			name = sViz;
			productName = sViz;
			productReference = D51790971F44700700850CAB /* sViz.app */;
			productType = "com.apple.product-type.application";
		};
/* End PBXNativeTarget section */

/* Begin PBXProject section */
		D517908F1F44700700850CAB /* Project object */ = {
			isa = PBXProject;
			attributes = {
				LastSwiftUpdateCheck = 0830;
				LastUpgradeCheck = 0830;
				ORGANIZATIONNAME = Cake;
				TargetAttributes = {
					D51790961F44700700850CAB = {
						CreatedOnToolsVersion = 8.3.3;
						ProvisioningStyle = Automatic;
					};
				};
			};
			buildConfigurationList = D51790921F44700700850CAB /* Build configuration list for PBXProject "sViz" */;
			compatibilityVersion = "Xcode 3.2";
			developmentRegion = English;
			hasScannedForEncodings = 0;
			knownRegions = (
				en,
				Base,
			);
			mainGroup = D517908E1F44700700850CAB;
			productRefGroup = D51790981F44700700850CAB /* Products */;
			projectDirPath = "";
			projectRoot = "";
			targets = (
				D51790961F44700700850CAB /* sViz */,
			);
		};
/* End PBXProject section */

/* Begin PBXResourcesBuildPhase section */
		D51790951F44700700850CAB /* Resources */ = {
			isa = PBXResourcesBuildPhase;
			buildActionMask = 2147483647;
			files = (
				D517909F1F44700700850CAB /* Assets.xcassets in Resources */,
				D51790A21F44700700850CAB /* Main.storyboard in Resources */,
			);
			runOnlyForDeploymentPostprocessing = 0;
		};
/* End PBXResourcesBuildPhase section */

/* Begin PBXShellScriptBuildPhase section */
		7B67919677A2CEE2D0009284 /* [CP] Copy Pods Resources */ = {
			isa = PBXShellScriptBuildPhase;
			buildActionMask = 2147483647;
			files = (
			);
			inputPaths = (
			);
			name = "[CP] Copy Pods Resources";
			outputPaths = (
			);
			runOnlyForDeploymentPostprocessing = 0;
			shellPath = /bin/sh;
			shellScript = "\"${SRCROOT}/Pods/Target Support Files/Pods-sViz/Pods-sViz-resources.sh\"\n";
			showEnvVarsInLog = 0;
		};
		99E0BA3C2CA16876C6A2848C /* [CP] Embed Pods Frameworks */ = {
			isa = PBXShellScriptBuildPhase;
			buildActionMask = 2147483647;
			files = (
			);
			inputPaths = (
				"${SRCROOT}/Pods/Target Support Files/Pods-sViz/Pods-sViz-frameworks.sh",
				"${PODS_ROOT}/AudioKit/macOS/AudioKit.framework",
			);
			name = "[CP] Embed Pods Frameworks";
			outputPaths = (
				"${TARGET_BUILD_DIR}/${FRAMEWORKS_FOLDER_PATH}/AudioKit.framework",
			);
			runOnlyForDeploymentPostprocessing = 0;
			shellPath = /bin/sh;
			shellScript = "\"${SRCROOT}/Pods/Target Support Files/Pods-sViz/Pods-sViz-frameworks.sh\"\n";
			showEnvVarsInLog = 0;
		};
		FD1AC970E06DDCC579D70A45 /* [CP] Check Pods Manifest.lock */ = {
			isa = PBXShellScriptBuildPhase;
			buildActionMask = 2147483647;
			files = (
			);
			inputPaths = (
				"${PODS_PODFILE_DIR_PATH}/Podfile.lock",
				"${PODS_ROOT}/Manifest.lock",
			);
			name = "[CP] Check Pods Manifest.lock";
			outputPaths = (
				"$(DERIVED_FILE_DIR)/Pods-sViz-checkManifestLockResult.txt",
			);
			runOnlyForDeploymentPostprocessing = 0;
			shellPath = /bin/sh;
			shellScript = "diff \"${PODS_PODFILE_DIR_PATH}/Podfile.lock\" \"${PODS_ROOT}/Manifest.lock\" > /dev/null\nif [ $? != 0 ] ; then\n    # print error to STDERR\n    echo \"error: The sandbox is not in sync with the Podfile.lock. Run 'pod install' or update your CocoaPods installation.\" >&2\n    exit 1\nfi\n# This output is used by Xcode 'outputs' to avoid re-running this script phase.\necho \"SUCCESS\" > \"${SCRIPT_OUTPUT_FILE_0}\"\n";
			showEnvVarsInLog = 0;
		};
/* End PBXShellScriptBuildPhase section */

/* Begin PBXSourcesBuildPhase section */
		D51790931F44700700850CAB /* Sources */ = {
			isa = PBXSourcesBuildPhase;
			buildActionMask = 2147483647;
			files = (
				D51790CB1F45B4A100850CAB /* EventMonitor.swift in Sources */,
				D517909D1F44700700850CAB /* ViewController.swift in Sources */,
				D517909B1F44700700850CAB /* AppDelegate.swift in Sources */,
			);
			runOnlyForDeploymentPostprocessing = 0;
		};
/* End PBXSourcesBuildPhase section */

/* Begin PBXVariantGroup section */
		D51790A01F44700700850CAB /* Main.storyboard */ = {
			isa = PBXVariantGroup;
			children = (
				D51790A11F44700700850CAB /* Base */,
			);
			name = Main.storyboard;
			sourceTree = "<group>";
		};
/* End PBXVariantGroup section */

/* Begin XCBuildConfiguration section */
		D51790A41F44700700850CAB /* Debug */ = {
			isa = XCBuildConfiguration;
			buildSettings = {
				ALWAYS_SEARCH_USER_PATHS = NO;
				CLANG_ANALYZER_NONNULL = YES;
				CLANG_ANALYZER_NUMBER_OBJECT_CONVERSION = YES_AGGRESSIVE;
				CLANG_CXX_LANGUAGE_STANDARD = "gnu++0x";
				CLANG_CXX_LIBRARY = "libc++";
				CLANG_ENABLE_MODULES = YES;
				CLANG_ENABLE_OBJC_ARC = YES;
				CLANG_WARN_BOOL_CONVERSION = YES;
				CLANG_WARN_CONSTANT_CONVERSION = YES;
				CLANG_WARN_DIRECT_OBJC_ISA_USAGE = YES_ERROR;
				CLANG_WARN_DOCUMENTATION_COMMENTS = YES;
				CLANG_WARN_EMPTY_BODY = YES;
				CLANG_WARN_ENUM_CONVERSION = YES;
				CLANG_WARN_INFINITE_RECURSION = YES;
				CLANG_WARN_INT_CONVERSION = YES;
				CLANG_WARN_OBJC_ROOT_CLASS = YES_ERROR;
				CLANG_WARN_SUSPICIOUS_MOVE = YES;
				CLANG_WARN_UNREACHABLE_CODE = YES;
				CLANG_WARN__DUPLICATE_METHOD_MATCH = YES;
				CODE_SIGN_IDENTITY = "-";
				COPY_PHASE_STRIP = NO;
				DEBUG_INFORMATION_FORMAT = dwarf;
				ENABLE_STRICT_OBJC_MSGSEND = YES;
				ENABLE_TESTABILITY = YES;
				GCC_C_LANGUAGE_STANDARD = gnu99;
				GCC_DYNAMIC_NO_PIC = NO;
				GCC_NO_COMMON_BLOCKS = YES;
				GCC_OPTIMIZATION_LEVEL = 0;
				GCC_PREPROCESSOR_DEFINITIONS = (
					"DEBUG=1",
					"$(inherited)",
				);
				GCC_WARN_64_TO_32_BIT_CONVERSION = YES;
				GCC_WARN_ABOUT_RETURN_TYPE = YES_ERROR;
				GCC_WARN_UNDECLARED_SELECTOR = YES;
				GCC_WARN_UNINITIALIZED_AUTOS = YES_AGGRESSIVE;
				GCC_WARN_UNUSED_FUNCTION = YES;
				GCC_WARN_UNUSED_VARIABLE = YES;
				MACOSX_DEPLOYMENT_TARGET = 10.12;
				MTL_ENABLE_DEBUG_INFO = YES;
				ONLY_ACTIVE_ARCH = YES;
				SDKROOT = macosx;
				SWIFT_ACTIVE_COMPILATION_CONDITIONS = DEBUG;
				SWIFT_OPTIMIZATION_LEVEL = "-Onone";
			};
			name = Debug;
		};
		D51790A51F44700700850CAB /* Release */ = {
			isa = XCBuildConfiguration;
			buildSettings = {
				ALWAYS_SEARCH_USER_PATHS = NO;
				CLANG_ANALYZER_NONNULL = YES;
				CLANG_ANALYZER_NUMBER_OBJECT_CONVERSION = YES_AGGRESSIVE;
				CLANG_CXX_LANGUAGE_STANDARD = "gnu++0x";
				CLANG_CXX_LIBRARY = "libc++";
				CLANG_ENABLE_MODULES = YES;
				CLANG_ENABLE_OBJC_ARC = YES;
				CLANG_WARN_BOOL_CONVERSION = YES;
				CLANG_WARN_CONSTANT_CONVERSION = YES;
				CLANG_WARN_DIRECT_OBJC_ISA_USAGE = YES_ERROR;
				CLANG_WARN_DOCUMENTATION_COMMENTS = YES;
				CLANG_WARN_EMPTY_BODY = YES;
				CLANG_WARN_ENUM_CONVERSION = YES;
				CLANG_WARN_INFINITE_RECURSION = YES;
				CLANG_WARN_INT_CONVERSION = YES;
				CLANG_WARN_OBJC_ROOT_CLASS = YES_ERROR;
				CLANG_WARN_SUSPICIOUS_MOVE = YES;
				CLANG_WARN_UNREACHABLE_CODE = YES;
				CLANG_WARN__DUPLICATE_METHOD_MATCH = YES;
				CODE_SIGN_IDENTITY = "-";
				COPY_PHASE_STRIP = NO;
				DEBUG_INFORMATION_FORMAT = "dwarf-with-dsym";
				ENABLE_NS_ASSERTIONS = NO;
				ENABLE_STRICT_OBJC_MSGSEND = YES;
				GCC_C_LANGUAGE_STANDARD = gnu99;
				GCC_NO_COMMON_BLOCKS = YES;
				GCC_WARN_64_TO_32_BIT_CONVERSION = YES;
				GCC_WARN_ABOUT_RETURN_TYPE = YES_ERROR;
				GCC_WARN_UNDECLARED_SELECTOR = YES;
				GCC_WARN_UNINITIALIZED_AUTOS = YES_AGGRESSIVE;
				GCC_WARN_UNUSED_FUNCTION = YES;
				GCC_WARN_UNUSED_VARIABLE = YES;
				MACOSX_DEPLOYMENT_TARGET = 10.12;
				MTL_ENABLE_DEBUG_INFO = NO;
				SDKROOT = macosx;
				SWIFT_OPTIMIZATION_LEVEL = "-Owholemodule";
			};
			name = Release;
		};
		D51790A71F44700700850CAB /* Debug */ = {
			isa = XCBuildConfiguration;
			baseConfigurationReference = 2BCE39C5C56260E436255358 /* Pods-sViz.debug.xcconfig */;
			buildSettings = {
				ASSETCATALOG_COMPILER_APPICON_NAME = AppIcon;
				COMBINE_HIDPI_IMAGES = YES;
				INFOPLIST_FILE = sViz/Info.plist;
				LD_RUNPATH_SEARCH_PATHS = "$(inherited) @executable_path/../Frameworks";
				PRODUCT_BUNDLE_IDENTIFIER = lal.cake.sViz;
				PRODUCT_NAME = "$(TARGET_NAME)";
				SWIFT_VERSION = 3.0;
			};
			name = Debug;
		};
		D51790A81F44700700850CAB /* Release */ = {
			isa = XCBuildConfiguration;
			baseConfigurationReference = 42299E6E43449523CF85B21E /* Pods-sViz.release.xcconfig */;
			buildSettings = {
				ASSETCATALOG_COMPILER_APPICON_NAME = AppIcon;
				COMBINE_HIDPI_IMAGES = YES;
				INFOPLIST_FILE = sViz/Info.plist;
				LD_RUNPATH_SEARCH_PATHS = "$(inherited) @executable_path/../Frameworks";
				PRODUCT_BUNDLE_IDENTIFIER = lal.cake.sViz;
				PRODUCT_NAME = "$(TARGET_NAME)";
				SWIFT_VERSION = 3.0;
			};
			name = Release;
		};
/* End XCBuildConfiguration section */

/* Begin XCConfigurationList section */
		D51790921F44700700850CAB /* Build configuration list for PBXProject "sViz" */ = {
			isa = XCConfigurationList;
			buildConfigurations = (
				D51790A41F44700700850CAB /* Debug */,
				D51790A51F44700700850CAB /* Release */,
			);
			defaultConfigurationIsVisible = 0;
			defaultConfigurationName = Release;
		};
		D51790A61F44700700850CAB /* Build configuration list for PBXNativeTarget "sViz" */ = {
			isa = XCConfigurationList;
			buildConfigurations = (
				D51790A71F44700700850CAB /* Debug */,
				D51790A81F44700700850CAB /* Release */,
			);
			defaultConfigurationIsVisible = 0;
			defaultConfigurationName = Release;
		};
/* End XCConfigurationList section */
	};
	rootObject = D517908F1F44700700850CAB /* Project object */;
}
